
Microsoft Visual Studio Solution File, Format Version 12.00
# Visual Studio 2017
Project("{FAE04EC0-301F-11D3-BF4B-00C04F79EFBC}") = "FootballProject", "FootballProject.csproj", "{D8F8F0B6-E54F-5A88-6D97-A2893B1A3FBE}"
EndProject
Global
	GlobalSection(SolutionConfigurationPlatforms) = preSolution
		Debug|Any CPU = Debug|Any CPU
		Release|Any CPU = Release|Any CPU
	EndGlobalSection
	GlobalSection(ProjectConfigurationPlatforms) = postSolution
		{D8F8F0B6-E54F-5A88-6D97-A2893B1A3FBE}.Debug|Any CPU.ActiveCfg = Debug|Any CPU
		{D8F8F0B6-E54F-5A88-6D97-A2893B1A3FBE}.Debug|Any CPU.Build.0 = Debug|Any CPU
		{D8F8F0B6-E54F-5A88-6D97-A2893B1A3FBE}.Release|Any CPU.ActiveCfg = Release|Any CPU
		{D8F8F0B6-E54F-5A88-6D97-A2893B1A3FBE}.Release|Any CPU.Build.0 = Release|Any CPU
	EndGlobalSection
	GlobalSection(SolutionProperties) = preSolution
		HideSolutionNode = FALSE
	EndGlobalSection
EndGlobal
